
Microsoft Visual Studio Solution File, Format Version 12.00
# Visual Studio Version 16
VisualStudioVersion = 16.0.29709.97
MinimumVisualStudioVersion = 10.0.40219.1
Project("{FAE04EC0-301F-11D3-BF4B-00C04F79EFBC}") = "Geo", "Geo\Geo.csproj", "{B5C3D004-3FD5-4FCC-A3C7-79C42B4DA61C}"
EndProject
Project("{FAE04EC0-301F-11D3-BF4B-00C04F79EFBC}") = "Test", "Test\Test.csproj", "{6C4AAA17-15BD-4D11-BE76-0A4D5CD6E9BB}"
EndProject
Global
	GlobalSection(SolutionConfigurationPlatforms) = preSolution
		Debug|Any CPU = Debug|Any CPU
		Release|Any CPU = Release|Any CPU
	EndGlobalSection
	GlobalSection(ProjectConfigurationPlatforms) = postSolution
		{B5C3D004-3FD5-4FCC-A3C7-79C42B4DA61C}.Debug|Any CPU.ActiveCfg = Debug|Any CPU
		{B5C3D004-3FD5-4FCC-A3C7-79C42B4DA61C}.Debug|Any CPU.Build.0 = Debug|Any CPU
		{B5C3D004-3FD5-4FCC-A3C7-79C42B4DA61C}.Release|Any CPU.ActiveCfg = Release|Any CPU
		{B5C3D004-3FD5-4FCC-A3C7-79C42B4DA61C}.Release|Any CPU.Build.0 = Release|Any CPU
		{6C4AAA17-15BD-4D11-BE76-0A4D5CD6E9BB}.Debug|Any CPU.ActiveCfg = Debug|Any CPU
		{6C4AAA17-15BD-4D11-BE76-0A4D5CD6E9BB}.Debug|Any CPU.Build.0 = Debug|Any CPU
		{6C4AAA17-15BD-4D11-BE76-0A4D5CD6E9BB}.Release|Any CPU.ActiveCfg = Release|Any CPU
		{6C4AAA17-15BD-4D11-BE76-0A4D5CD6E9BB}.Release|Any CPU.Build.0 = Release|Any CPU
	EndGlobalSection
	GlobalSection(SolutionProperties) = preSolution
		HideSolutionNode = FALSE
	EndGlobalSection
	GlobalSection(ExtensibilityGlobals) = postSolution
		SolutionGuid = {F1940B49-7F91-41F1-AF02-AD89D9B9152F}
	EndGlobalSection
EndGlobal
